# This file is autogenerated, do not edit; changes may be undone by the next 'dep ensure'.


[[projects]]
  branch = "master"
  name = "gitee.com/johng/gf"
  packages = [
    ".",
    "g/container/glist",
    "g/container/gmap",
    "g/container/gqueue",
    "g/container/gset",
    "g/container/gtype",
    "g/encoding/gbinary",
    "g/encoding/ghash",
    "g/os/gcache",
    "g/os/gfile",
    "g/os/gfilepool",
    "g/os/glog",
    "g/os/grpool",
    "g/os/gtime",
    "g/util/gregx"
  ]
  revision = "b533922727a85374a99fbde5a33765eb311464ff"
  source = "https://gitee.com/johng/gf.git"

[[projects]]
  branch = "master"
  name = "gitee.com/johng/gkvdb"
  packages = [
    "gkvdb",
    "gkvdb/gbtree",
    "gkvdb/gfilespace"
  ]
  revision = "1004293e62b9ca36e635b20316b6477c35efe1fb"
  source = "https://gitee.com/johng/gkvdb.git"

[[projects]]
  name = "github.com/golang/protobuf"
  packages = ["proto"]
  revision = "b4deda0973fb4c70b50d226b1af49f3da59f5265"
  version = "v1.1.0"

[solve-meta]
  analyzer-name = "dep"
  analyzer-version = 1
  inputs-digest = "47d2d4b6c8ecae83f3e86203b1cdba077b5ec219c99ca6ba36792ccba8fe9f2d"
  solver-name = "gps-cdcl"
  solver-version = 1
